
Microsoft Visual Studio Solution File, Format Version 12.00
# Visual Studio 15
VisualStudioVersion = 15.0.27703.2035
MinimumVisualStudioVersion = 10.0.40219.1
Project("{9A19103F-16F7-4668-BE54-9A1E7A4F7556}") = "PollyDemo", "PollyDemo\PollyDemo.csproj", "{8790AC51-7FC8-4066-8943-C69770BA91CC}"
EndProject
Project("{FAE04EC0-301F-11D3-BF4B-00C04F79EFBC}") = "PollyHystrix", "PollyHystrix\PollyHystrix.csproj", "{FD6B33A1-E0BD-428A-9A9E-B52D0785EA41}"
EndProject
Global
	GlobalSection(SolutionConfigurationPlatforms) = preSolution
		Debug|Any CPU = Debug|Any CPU
		Release|Any CPU = Release|Any CPU
	EndGlobalSection
	GlobalSection(ProjectConfigurationPlatforms) = postSolution
		{8790AC51-7FC8-4066-8943-C69770BA91CC}.Debug|Any CPU.ActiveCfg = Debug|Any CPU
		{8790AC51-7FC8-4066-8943-C69770BA91CC}.Debug|Any CPU.Build.0 = Debug|Any CPU
		{8790AC51-7FC8-4066-8943-C69770BA91CC}.Release|Any CPU.ActiveCfg = Release|Any CPU
		{8790AC51-7FC8-4066-8943-C69770BA91CC}.Release|Any CPU.Build.0 = Release|Any CPU
		{FD6B33A1-E0BD-428A-9A9E-B52D0785EA41}.Debug|Any CPU.ActiveCfg = Debug|Any CPU
		{FD6B33A1-E0BD-428A-9A9E-B52D0785EA41}.Debug|Any CPU.Build.0 = Debug|Any CPU
		{FD6B33A1-E0BD-428A-9A9E-B52D0785EA41}.Release|Any CPU.ActiveCfg = Release|Any CPU
		{FD6B33A1-E0BD-428A-9A9E-B52D0785EA41}.Release|Any CPU.Build.0 = Release|Any CPU
	EndGlobalSection
	GlobalSection(SolutionProperties) = preSolution
		HideSolutionNode = FALSE
	EndGlobalSection
	GlobalSection(ExtensibilityGlobals) = postSolution
		SolutionGuid = {236E1757-62A0-4BC0-96A1-20B2DD418895}
	EndGlobalSection
EndGlobal
